<?xml version="1.0" encoding="utf-8"?>
<Project ToolsVersion="4.0" xmlns="http://schemas.microsoft.com/developer/msbuild/2003">
  <ItemGroup>
    <Filter Include="Source Files">
      <UniqueIdentifier>{4FC737F1-C7A5-4376-A066-2A32D752A2FF}</UniqueIdentifier>
      <Extensions>cpp;c;cc;cxx;def;odl;idl;hpj;bat;asm;asmx</Extensions>
    </Filter>
    <Filter Include="Header Files">
      <UniqueIdentifier>{93995380-89BD-4b04-88EB-625FBE52EBFB}</UniqueIdentifier>
      <Extensions>h;hh;hpp;hxx;hm;inl;inc;xsd</Extensions>
    </Filter>
    <Filter Include="Resource Files">
      <UniqueIdentifier>{67DA6AB6-F800-4c08-8B7A-83BB121AAD01}</UniqueIdentifier>
      <Extensions>rc;ico;cur;bmp;dlg;rc2;rct;bin;rgs;gif;jpg;jpeg;jpe;resx;tiff;tif;png;wav</Extensions>
    </Filter>
  </ItemGroup>
  <ItemGroup>
    <ClInclude Include="..\include\cdi_avm_api.h">
      <Filter>Header Files</Filter>
    </ClInclude>
    <ClInclude Include="..\include\cdi_core_api.h">
      <Filter>Header Files</Filter>
    </ClInclude>
    <ClInclude Include="..\include\cdi_raw_api.h">
      <Filter>Header Files</Filter>
    </ClInclude>
    <ClInclude Include="..\src\common\include\fifo_api.h">
      <Filter>Header Files</Filter>
    </ClInclude>
    <ClInclude Include="..\src\common\include\list_api.h">
      <Filter>Header Files</Filter>
    </ClInclude>
    <ClInclude Include="..\src\common\include\logger_api.h">
      <Filter>Header Files</Filter>
    </ClInclude>
    <ClInclude Include="..\include\cdi_os_api.h">
      <Filter>Header Files</Filter>
    </ClInclude>
    <ClInclude Include="..\include\cdi_pool_api.h">
      <Filter>Header Files</Filter>
    </ClInclude>
    <ClInclude Include="..\src\common\include\singly_linked_list_api.h">
      <Filter>Header Files</Filter>
    </ClInclude>
    <ClInclude Include="..\src\common\include\utilities_api.h">
      <Filter>Header Files</Filter>
    </ClInclude>
    <ClInclude Include="..\src\cdi\adapter_api.h">
      <Filter>Header Files</Filter>
    </ClInclude>
    <ClInclude Include="..\src\cdi\configuration.h">
      <Filter>Header Files</Filter>
    </ClInclude>
    <ClInclude Include="..\src\cdi\internal.h">
      <Filter>Header Files</Filter>
    </ClInclude>
    <ClInclude Include="..\src\cdi\internal_rx.h">
      <Filter>Header Files</Filter>
    </ClInclude>
    <ClInclude Include="..\src\cdi\internal_tx.h">
      <Filter>Header Files</Filter>
    </ClInclude>
    <ClInclude Include="..\src\cdi\payload.h">
      <Filter>Header Files</Filter>
    </ClInclude>
    <ClInclude Include="..\src\cdi\private_avm.h">
      <Filter>Header Files</Filter>
    </ClInclude>
    <ClInclude Include="..\src\cdi\rx_reorder.h">
      <Filter>Header Files</Filter>
    </ClInclude>
    <ClInclude Include="..\src\cdi\timeout.h">
      <Filter>Header Files</Filter>
    </ClInclude>
    <ClInclude Include="..\src\cdi\t_digest.h">
      <Filter>Header Files</Filter>
    </ClInclude>
    <ClInclude Include="..\src\cdi\private.h">
      <Filter>Header Files</Filter>
    </ClInclude>
    <ClInclude Include="..\src\cdi\adapter_efa.h">
      <Filter>Header Files</Filter>
    </ClInclude>
    <ClInclude Include="..\src\cdi\internal_log.h">
      <Filter>Header Files</Filter>
    </ClInclude>
    <ClInclude Include="..\src\cdi\endpoint_manager.h">
      <Filter>Header Files</Filter>
    </ClInclude>
    <ClInclude Include="..\src\cdi\internal_utility.h">
      <Filter>Header Files</Filter>
    </ClInclude>
    <ClInclude Include="..\src\common\include\queue_api.h">
      <Filter>Header Files</Filter>
    </ClInclude>
    <ClInclude Include="..\src\cdi\statistics.h">
      <Filter>Header Files</Filter>
    </ClInclude>
    <ClInclude Include="..\src\cdi\cloudwatch.h">
      <Filter>Header Files</Filter>
    </ClInclude>
    <ClInclude Include="..\src\cdi\cloudwatch_sdk_metrics.h">
      <Filter>Header Files</Filter>
    </ClInclude>
    <ClInclude Include="..\include\cdi_baseline_profile_api.h">
      <Filter>Header Files</Filter>
    </ClInclude>
    <ClInclude Include="..\src\cdi\adapter_control_interface.h">
      <Filter>Header Files</Filter>
    </ClInclude>
  </ItemGroup>
  <ItemGroup>
    <ClCompile Include="..\src\cdi\adapter.c">
      <Filter>Source Files</Filter>
    </ClCompile>
    <ClCompile Include="..\src\cdi\adapter_efa.c">
      <Filter>Source Files</Filter>
    </ClCompile>
    <ClCompile Include="..\src\cdi\adapter_socket.c">
      <Filter>Source Files</Filter>
    </ClCompile>
    <ClCompile Include="..\src\cdi\cdi_avm_api.c">
      <Filter>Source Files</Filter>
    </ClCompile>
    <ClCompile Include="..\src\cdi\cdi_core_api.c">
      <Filter>Source Files</Filter>
    </ClCompile>
    <ClCompile Include="..\src\cdi\cdi_raw_api.c">
      <Filter>Source Files</Filter>
    </ClCompile>
    <ClCompile Include="..\src\cdi\internal.c">
      <Filter>Source Files</Filter>
    </ClCompile>
    <ClCompile Include="..\src\cdi\internal_rx.c">
      <Filter>Source Files</Filter>
    </ClCompile>
    <ClCompile Include="..\src\cdi\internal_tx.c">
      <Filter>Source Files</Filter>
    </ClCompile>
    <ClCompile Include="..\src\cdi\payload.c">
      <Filter>Source Files</Filter>
    </ClCompile>
    <ClCompile Include="..\src\cdi\rx_reorder.c">
      <Filter>Source Files</Filter>
    </ClCompile>
    <ClCompile Include="..\src\cdi\timeout.c">
      <Filter>Source Files</Filter>
    </ClCompile>
    <ClCompile Include="..\src\cdi\t_digest.c">
      <Filter>Source Files</Filter>
    </ClCompile>
    <ClCompile Include="..\src\common\src\fifo.c">
      <Filter>Source Files</Filter>
    </ClCompile>
    <ClCompile Include="..\src\common\src\list.c">
      <Filter>Source Files</Filter>
    </ClCompile>
    <ClCompile Include="..\src\common\src\logger.c">
      <Filter>Source Files</Filter>
    </ClCompile>
    <ClCompile Include="..\src\common\src\os_windows.c">
      <Filter>Source Files</Filter>
    </ClCompile>
    <ClCompile Include="..\src\common\src\pool.c">
      <Filter>Source Files</Filter>
    </ClCompile>
    <ClCompile Include="..\src\cdi\cdi_log_api.c">
      <Filter>Source Files</Filter>
    </ClCompile>
    <ClCompile Include="..\src\cdi\cdi_utility_api.c">
      <Filter>Source Files</Filter>
    </ClCompile>
    <ClCompile Include="..\src\cdi\adapter_efa_probe.c">
      <Filter>Source Files</Filter>
    </ClCompile>
    <ClCompile Include="..\src\cdi\adapter_efa_probe_control.c">
      <Filter>Source Files</Filter>
    </ClCompile>
    <ClCompile Include="..\src\cdi\adapter_efa_probe_rx.c">
      <Filter>Source Files</Filter>
    </ClCompile>
    <ClCompile Include="..\src\cdi\adapter_efa_probe_tx.c">
      <Filter>Source Files</Filter>
    </ClCompile>
    <ClCompile Include="..\src\cdi\adapter_efa_rx.c">
      <Filter>Source Files</Filter>
    </ClCompile>
    <ClCompile Include="..\src\cdi\adapter_efa_tx.c">
      <Filter>Source Files</Filter>
    </ClCompile>
    <ClCompile Include="..\src\cdi\endpoint_manager.c">
      <Filter>Source Files</Filter>
    </ClCompile>
    <ClCompile Include="..\src\cdi\internal_utility.c">
      <Filter>Source Files</Filter>
    </ClCompile>
    <ClCompile Include="..\src\common\src\queue.c">
      <Filter>Source Files</Filter>
    </ClCompile>
    <ClCompile Include="..\src\cdi\statistics.c">
      <Filter>Source Files</Filter>
    </ClCompile>
    <ClCompile Include="..\src\cdi\cloudwatch.c">
      <Filter>Source Files</Filter>
    </ClCompile>
    <ClCompile Include="..\src\cdi\cloudwatch_sdk_metrics.cpp">
      <Filter>Source Files</Filter>
    </ClCompile>
    <ClCompile Include="..\src\cdi\t_digest_unit_test.c">
      <Filter>Source Files</Filter>
    </ClCompile>
    <ClCompile Include="..\src\cdi\baseline_profile.c">
      <Filter>Source Files</Filter>
    </ClCompile>
    <ClCompile Include="..\src\cdi\adapter_control_interface.c">
      <Filter>Source Files</Filter>
    </ClCompile>
    <ClCompile Include="..\src\cdi\baseline_profiles_1_00.c">
      <Filter>Source Files</Filter>
    </ClCompile>
    <ClCompile Include="..\src\cdi\baseline_profiles_2_00.c">
      <Filter>Source Files</Filter>
    </ClCompile>
  </ItemGroup>
</Project>